// !$*UTF8*$!
{
	archiveVersion = 1;
	classes = {
	};
	objectVersion = 56;
	objects = {

/* Begin PBXBuildFile section */
		0127E2382945217D001E0023 /* ParticipantWelcomeView.swift in Sources */ = {isa = PBXBuildFile; fileRef = 0127E2372945217D001E0023 /* ParticipantWelcomeView.swift */; };
		0127E23A29452554001E0023 /* MainView.swift in Sources */ = {isa = PBXBuildFile; fileRef = 0127E23929452554001E0023 /* MainView.swift */; };
		0127E24029452D8C001E0023 /* ViewController.swift in Sources */ = {isa = PBXBuildFile; fileRef = 0127E23F29452D8C001E0023 /* ViewController.swift */; };
		0127E24229452E24001E0023 /* ErrorView.swift in Sources */ = {isa = PBXBuildFile; fileRef = 0127E24129452E24001E0023 /* ErrorView.swift */; };
		0127E244294539CC001E0023 /* TypoCorrectionWarmup.swift in Sources */ = {isa = PBXBuildFile; fileRef = 0127E243294539CC001E0023 /* TypoCorrectionWarmup.swift */; };
		013803432944F87C00487F5A /* TapFixApp.swift in Sources */ = {isa = PBXBuildFile; fileRef = 013803422944F87C00487F5A /* TapFixApp.swift */; };
		013803452944F87C00487F5A /* TypingWarmupView.swift in Sources */ = {isa = PBXBuildFile; fileRef = 013803442944F87C00487F5A /* TypingWarmupView.swift */; };
		0138034A2944F87C00487F5A /* Preview Assets.xcassets in Resources */ = {isa = PBXBuildFile; fileRef = 013803492944F87C00487F5A /* Preview Assets.xcassets */; };
		013803512945028600487F5A /* SentenceManager.swift in Sources */ = {isa = PBXBuildFile; fileRef = 013803502945028600487F5A /* SentenceManager.swift */; };
		013803542945100D00487F5A /* Assets.xcassets in Resources */ = {isa = PBXBuildFile; fileRef = 013803462944F87C00487F5A /* Assets.xcassets */; };
		013803562945116900487F5A /* phrases2.txt in Resources */ = {isa = PBXBuildFile; fileRef = 013803552945116900487F5A /* phrases2.txt */; };
		0138035B2945169400487F5A /* TestManager.swift in Sources */ = {isa = PBXBuildFile; fileRef = 0138035A2945169400487F5A /* TestManager.swift */; };
		0138035E2945179700487F5A /* TestData.swift in Sources */ = {isa = PBXBuildFile; fileRef = 0138035D2945179700487F5A /* TestData.swift */; };
		017C1ED82945988F00D6A417 /* TypoGenerator.swift in Sources */ = {isa = PBXBuildFile; fileRef = 017C1ED72945988F00D6A417 /* TypoGenerator.swift */; };
		017C1EDA2945994A00D6A417 /* TypoSentence.swift in Sources */ = {isa = PBXBuildFile; fileRef = 017C1ED92945994A00D6A417 /* TypoSentence.swift */; };
		017C1EDC2945A4EC00D6A417 /* StringExtension.swift in Sources */ = {isa = PBXBuildFile; fileRef = 017C1EDB2945A4EC00D6A417 /* StringExtension.swift */; };
		01E3AA7D29463A0700EEDBBB /* TypoCorrectionView.swift in Sources */ = {isa = PBXBuildFile; fileRef = 01E3AA7C29463A0700EEDBBB /* TypoCorrectionView.swift */; };
		01E3AA8029467DBC00EEDBBB /* UIKitTextField in Frameworks */ = {isa = PBXBuildFile; productRef = 01E3AA7F29467DBC00EEDBBB /* UIKitTextField */; };
		01E3AA8229467EB500EEDBBB /* PaddedTextField.swift in Sources */ = {isa = PBXBuildFile; fileRef = 01E3AA8129467EB500EEDBBB /* PaddedTextField.swift */; };
/* End PBXBuildFile section */

/* Begin PBXFileReference section */
		0127E2372945217D001E0023 /* ParticipantWelcomeView.swift */ = {isa = PBXFileReference; lastKnownFileType = sourcecode.swift; path = ParticipantWelcomeView.swift; sourceTree = "<group>"; };
		0127E23929452554001E0023 /* MainView.swift */ = {isa = PBXFileReference; lastKnownFileType = sourcecode.swift; path = MainView.swift; sourceTree = "<group>"; };
		0127E23F29452D8C001E0023 /* ViewController.swift */ = {isa = PBXFileReference; lastKnownFileType = sourcecode.swift; path = ViewController.swift; sourceTree = "<group>"; };
		0127E24129452E24001E0023 /* ErrorView.swift */ = {isa = PBXFileReference; lastKnownFileType = sourcecode.swift; path = ErrorView.swift; sourceTree = "<group>"; };
		0127E243294539CC001E0023 /* TypoCorrectionWarmup.swift */ = {isa = PBXFileReference; lastKnownFileType = sourcecode.swift; path = TypoCorrectionWarmup.swift; sourceTree = "<group>"; };
		0138033F2944F87C00487F5A /* TapFix.app */ = {isa = PBXFileReference; explicitFileType = wrapper.application; includeInIndex = 0; path = TapFix.app; sourceTree = BUILT_PRODUCTS_DIR; };
		013803422944F87C00487F5A /* TapFixApp.swift */ = {isa = PBXFileReference; lastKnownFileType = sourcecode.swift; path = TapFixApp.swift; sourceTree = "<group>"; };
		013803442944F87C00487F5A /* TypingWarmupView.swift */ = {isa = PBXFileReference; lastKnownFileType = sourcecode.swift; path = TypingWarmupView.swift; sourceTree = "<group>"; };
		013803462944F87C00487F5A /* Assets.xcassets */ = {isa = PBXFileReference; lastKnownFileType = folder.assetcatalog; path = Assets.xcassets; sourceTree = "<group>"; };
		013803492944F87C00487F5A /* Preview Assets.xcassets */ = {isa = PBXFileReference; lastKnownFileType = folder.assetcatalog; path = "Preview Assets.xcassets"; sourceTree = "<group>"; };
		013803502945028600487F5A /* SentenceManager.swift */ = {isa = PBXFileReference; lastKnownFileType = sourcecode.swift; path = SentenceManager.swift; sourceTree = "<group>"; };
		013803552945116900487F5A /* phrases2.txt */ = {isa = PBXFileReference; fileEncoding = 4; lastKnownFileType = text; path = phrases2.txt; sourceTree = "<group>"; };
		0138035A2945169400487F5A /* TestManager.swift */ = {isa = PBXFileReference; lastKnownFileType = sourcecode.swift; path = TestManager.swift; sourceTree = "<group>"; };
		0138035D2945179700487F5A /* TestData.swift */ = {isa = PBXFileReference; lastKnownFileType = sourcecode.swift; path = TestData.swift; sourceTree = "<group>"; };
		0138035F29451EDE00487F5A /* Info.plist */ = {isa = PBXFileReference; lastKnownFileType = text.plist; path = Info.plist; sourceTree = "<group>"; };
		017C1ED72945988F00D6A417 /* TypoGenerator.swift */ = {isa = PBXFileReference; lastKnownFileType = sourcecode.swift; path = TypoGenerator.swift; sourceTree = "<group>"; };
		017C1ED92945994A00D6A417 /* TypoSentence.swift */ = {isa = PBXFileReference; lastKnownFileType = sourcecode.swift; path = TypoSentence.swift; sourceTree = "<group>"; };
		017C1EDB2945A4EC00D6A417 /* StringExtension.swift */ = {isa = PBXFileReference; lastKnownFileType = sourcecode.swift; path = StringExtension.swift; sourceTree = "<group>"; };
		01E3AA7C29463A0700EEDBBB /* TypoCorrectionView.swift */ = {isa = PBXFileReference; lastKnownFileType = sourcecode.swift; path = TypoCorrectionView.swift; sourceTree = "<group>"; };
		01E3AA8129467EB500EEDBBB /* PaddedTextField.swift */ = {isa = PBXFileReference; lastKnownFileType = sourcecode.swift; path = PaddedTextField.swift; sourceTree = "<group>"; };
/* End PBXFileReference section */

/* Begin PBXFrameworksBuildPhase section */
		0138033C2944F87C00487F5A /* Frameworks */ = {
			isa = PBXFrameworksBuildPhase;
			buildActionMask = 2147483647;
			files = (
				01E3AA8029467DBC00EEDBBB /* UIKitTextField in Frameworks */,
			);
			runOnlyForDeploymentPostprocessing = 0;
		};
/* End PBXFrameworksBuildPhase section */

/* Begin PBXGroup section */
		013803362944F87C00487F5A = {
			isa = PBXGroup;
			children = (
				013803412944F87C00487F5A /* TapFix */,
				013803402944F87C00487F5A /* Products */,
			);
			sourceTree = "<group>";
		};
		013803402944F87C00487F5A /* Products */ = {
			isa = PBXGroup;
			children = (
				0138033F2944F87C00487F5A /* TapFix.app */,
			);
			name = Products;
			sourceTree = "<group>";
		};
		013803412944F87C00487F5A /* TapFix */ = {
			isa = PBXGroup;
			children = (
				0138035F29451EDE00487F5A /* Info.plist */,
				0138035C2945176C00487F5A /* models */,
				013803592945168100487F5A /* classes */,
				013803582945164400487F5A /* views */,
				013803572945119F00487F5A /* data */,
				013803422944F87C00487F5A /* TapFixApp.swift */,
				013803462944F87C00487F5A /* Assets.xcassets */,
				013803482944F87C00487F5A /* Preview Content */,
			);
			path = TapFix;
			sourceTree = "<group>";
		};
		013803482944F87C00487F5A /* Preview Content */ = {
			isa = PBXGroup;
			children = (
				013803492944F87C00487F5A /* Preview Assets.xcassets */,
			);
			path = "Preview Content";
			sourceTree = "<group>";
		};
		013803572945119F00487F5A /* data */ = {
			isa = PBXGroup;
			children = (
				013803552945116900487F5A /* phrases2.txt */,
			);
			path = data;
			sourceTree = "<group>";
		};
		013803582945164400487F5A /* views */ = {
			isa = PBXGroup;
			children = (
				013803442944F87C00487F5A /* TypingWarmupView.swift */,
				0127E2372945217D001E0023 /* ParticipantWelcomeView.swift */,
				0127E23929452554001E0023 /* MainView.swift */,
				0127E24129452E24001E0023 /* ErrorView.swift */,
				0127E243294539CC001E0023 /* TypoCorrectionWarmup.swift */,
				01E3AA7C29463A0700EEDBBB /* TypoCorrectionView.swift */,
			);
			path = views;
			sourceTree = "<group>";
		};
		013803592945168100487F5A /* classes */ = {
			isa = PBXGroup;
			children = (
				013803502945028600487F5A /* SentenceManager.swift */,
				0138035A2945169400487F5A /* TestManager.swift */,
				0127E23F29452D8C001E0023 /* ViewController.swift */,
				017C1ED72945988F00D6A417 /* TypoGenerator.swift */,
				017C1EDB2945A4EC00D6A417 /* StringExtension.swift */,
				01E3AA8129467EB500EEDBBB /* PaddedTextField.swift */,
			);
			path = classes;
			sourceTree = "<group>";
		};
		0138035C2945176C00487F5A /* models */ = {
			isa = PBXGroup;
			children = (
				0138035D2945179700487F5A /* TestData.swift */,
				017C1ED92945994A00D6A417 /* TypoSentence.swift */,
			);
			path = models;
			sourceTree = "<group>";
		};
/* End PBXGroup section */

/* Begin PBXNativeTarget section */
		0138033E2944F87C00487F5A /* TapFix */ = {
			isa = PBXNativeTarget;
			buildConfigurationList = 0138034D2944F87C00487F5A /* Build configuration list for PBXNativeTarget "TapFix" */;
			buildPhases = (
				0138033B2944F87C00487F5A /* Sources */,
				0138033C2944F87C00487F5A /* Frameworks */,
				0138033D2944F87C00487F5A /* Resources */,
			);
			buildRules = (
			);
			dependencies = (
			);
			name = TapFix;
			packageProductDependencies = (
				01E3AA7F29467DBC00EEDBBB /* UIKitTextField */,
			);
			productName = TapFix;
			productReference = 0138033F2944F87C00487F5A /* TapFix.app */;
			productType = "com.apple.product-type.application";
		};
/* End PBXNativeTarget section */

/* Begin PBXProject section */
		013803372944F87C00487F5A /* Project object */ = {
			isa = PBXProject;
			attributes = {
				BuildIndependentTargetsInParallel = 1;
				LastSwiftUpdateCheck = 1410;
				LastUpgradeCheck = 1410;
				TargetAttributes = {
					0138033E2944F87C00487F5A = {
						CreatedOnToolsVersion = 14.1;
					};
				};
			};
			buildConfigurationList = 0138033A2944F87C00487F5A /* Build configuration list for PBXProject "TapFix" */;
			compatibilityVersion = "Xcode 14.0";
			developmentRegion = en;
			hasScannedForEncodings = 0;
			knownRegions = (
				en,
				Base,
			);
			mainGroup = 013803362944F87C00487F5A;
			packageReferences = (
				01E3AA7E29467DBC00EEDBBB /* XCRemoteSwiftPackageReference "uikit-textfield" */,
			);
			productRefGroup = 013803402944F87C00487F5A /* Products */;
			projectDirPath = "";
			projectRoot = "";
			targets = (
				0138033E2944F87C00487F5A /* TapFix */,
			);
		};
/* End PBXProject section */

/* Begin PBXResourcesBuildPhase section */
		0138033D2944F87C00487F5A /* Resources */ = {
			isa = PBXResourcesBuildPhase;
			buildActionMask = 2147483647;
			files = (
				013803542945100D00487F5A /* Assets.xcassets in Resources */,
				013803562945116900487F5A /* phrases2.txt in Resources */,
				0138034A2944F87C00487F5A /* Preview Assets.xcassets in Resources */,
			);
			runOnlyForDeploymentPostprocessing = 0;
		};
/* End PBXResourcesBuildPhase section */

/* Begin PBXSourcesBuildPhase section */
		0138033B2944F87C00487F5A /* Sources */ = {
			isa = PBXSourcesBuildPhase;
			buildActionMask = 2147483647;
			files = (
				013803512945028600487F5A /* SentenceManager.swift in Sources */,
				01E3AA8229467EB500EEDBBB /* PaddedTextField.swift in Sources */,
				0127E244294539CC001E0023 /* TypoCorrectionWarmup.swift in Sources */,
				01E3AA7D29463A0700EEDBBB /* TypoCorrectionView.swift in Sources */,
				0127E23A29452554001E0023 /* MainView.swift in Sources */,
				0127E2382945217D001E0023 /* ParticipantWelcomeView.swift in Sources */,
				013803452944F87C00487F5A /* TypingWarmupView.swift in Sources */,
				013803432944F87C00487F5A /* TapFixApp.swift in Sources */,
				017C1EDA2945994A00D6A417 /* TypoSentence.swift in Sources */,
				0138035E2945179700487F5A /* TestData.swift in Sources */,
				0127E24029452D8C001E0023 /* ViewController.swift in Sources */,
				0127E24229452E24001E0023 /* ErrorView.swift in Sources */,
				017C1ED82945988F00D6A417 /* TypoGenerator.swift in Sources */,
				017C1EDC2945A4EC00D6A417 /* StringExtension.swift in Sources */,
				0138035B2945169400487F5A /* TestManager.swift in Sources */,
			);
			runOnlyForDeploymentPostprocessing = 0;
		};
/* End PBXSourcesBuildPhase section */

/* Begin XCBuildConfiguration section */
		0138034B2944F87C00487F5A /* Debug */ = {
			isa = XCBuildConfiguration;
			buildSettings = {
				ALWAYS_SEARCH_USER_PATHS = NO;
				CLANG_ANALYZER_NONNULL = YES;
				CLANG_ANALYZER_NUMBER_OBJECT_CONVERSION = YES_AGGRESSIVE;
				CLANG_CXX_LANGUAGE_STANDARD = "gnu++20";
				CLANG_ENABLE_MODULES = YES;
				CLANG_ENABLE_OBJC_ARC = YES;
				CLANG_ENABLE_OBJC_WEAK = YES;
				CLANG_WARN_BLOCK_CAPTURE_AUTORELEASING = YES;
				CLANG_WARN_BOOL_CONVERSION = YES;
				CLANG_WARN_COMMA = YES;
				CLANG_WARN_CONSTANT_CONVERSION = YES;
				CLANG_WARN_DEPRECATED_OBJC_IMPLEMENTATIONS = YES;
				CLANG_WARN_DIRECT_OBJC_ISA_USAGE = YES_ERROR;
				CLANG_WARN_DOCUMENTATION_COMMENTS = YES;
				CLANG_WARN_EMPTY_BODY = YES;
				CLANG_WARN_ENUM_CONVERSION = YES;
				CLANG_WARN_INFINITE_RECURSION = YES;
				CLANG_WARN_INT_CONVERSION = YES;
				CLANG_WARN_NON_LITERAL_NULL_CONVERSION = YES;
				CLANG_WARN_OBJC_IMPLICIT_RETAIN_SELF = YES;
				CLANG_WARN_OBJC_LITERAL_CONVERSION = YES;
				CLANG_WARN_OBJC_ROOT_CLASS = YES_ERROR;
				CLANG_WARN_QUOTED_INCLUDE_IN_FRAMEWORK_HEADER = YES;
				CLANG_WARN_RANGE_LOOP_ANALYSIS = YES;
				CLANG_WARN_STRICT_PROTOTYPES = YES;
				CLANG_WARN_SUSPICIOUS_MOVE = YES;
				CLANG_WARN_UNGUARDED_AVAILABILITY = YES_AGGRESSIVE;
				CLANG_WARN_UNREACHABLE_CODE = YES;
				CLANG_WARN__DUPLICATE_METHOD_MATCH = YES;
				COPY_PHASE_STRIP = NO;
				DEBUG_INFORMATION_FORMAT = dwarf;
				ENABLE_STRICT_OBJC_MSGSEND = YES;
				ENABLE_TESTABILITY = YES;
				GCC_C_LANGUAGE_STANDARD = gnu11;
				GCC_DYNAMIC_NO_PIC = NO;
				GCC_NO_COMMON_BLOCKS = YES;
				GCC_OPTIMIZATION_LEVEL = 0;
				GCC_PREPROCESSOR_DEFINITIONS = (
					"DEBUG=1",
					"$(inherited)",
				);
				GCC_WARN_64_TO_32_BIT_CONVERSION = YES;
				GCC_WARN_ABOUT_RETURN_TYPE = YES_ERROR;
				GCC_WARN_UNDECLARED_SELECTOR = YES;
				GCC_WARN_UNINITIALIZED_AUTOS = YES_AGGRESSIVE;
				GCC_WARN_UNUSED_FUNCTION = YES;
				GCC_WARN_UNUSED_VARIABLE = YES;
				IPHONEOS_DEPLOYMENT_TARGET = 16.1;
				MTL_ENABLE_DEBUG_INFO = INCLUDE_SOURCE;
				MTL_FAST_MATH = YES;
				ONLY_ACTIVE_ARCH = YES;
				SDKROOT = iphoneos;
				SWIFT_ACTIVE_COMPILATION_CONDITIONS = DEBUG;
				SWIFT_OPTIMIZATION_LEVEL = "-Onone";
			};
			name = Debug;
		};
		0138034C2944F87C00487F5A /* Release */ = {
			isa = XCBuildConfiguration;
			buildSettings = {
				ALWAYS_SEARCH_USER_PATHS = NO;
				CLANG_ANALYZER_NONNULL = YES;
				CLANG_ANALYZER_NUMBER_OBJECT_CONVERSION = YES_AGGRESSIVE;
				CLANG_CXX_LANGUAGE_STANDARD = "gnu++20";
				CLANG_ENABLE_MODULES = YES;
				CLANG_ENABLE_OBJC_ARC = YES;
				CLANG_ENABLE_OBJC_WEAK = YES;
				CLANG_WARN_BLOCK_CAPTURE_AUTORELEASING = YES;
				CLANG_WARN_BOOL_CONVERSION = YES;
				CLANG_WARN_COMMA = YES;
				CLANG_WARN_CONSTANT_CONVERSION = YES;
				CLANG_WARN_DEPRECATED_OBJC_IMPLEMENTATIONS = YES;
				CLANG_WARN_DIRECT_OBJC_ISA_USAGE = YES_ERROR;
				CLANG_WARN_DOCUMENTATION_COMMENTS = YES;
				CLANG_WARN_EMPTY_BODY = YES;
				CLANG_WARN_ENUM_CONVERSION = YES;
				CLANG_WARN_INFINITE_RECURSION = YES;
				CLANG_WARN_INT_CONVERSION = YES;
				CLANG_WARN_NON_LITERAL_NULL_CONVERSION = YES;
				CLANG_WARN_OBJC_IMPLICIT_RETAIN_SELF = YES;
				CLANG_WARN_OBJC_LITERAL_CONVERSION = YES;
				CLANG_WARN_OBJC_ROOT_CLASS = YES_ERROR;
				CLANG_WARN_QUOTED_INCLUDE_IN_FRAMEWORK_HEADER = YES;
				CLANG_WARN_RANGE_LOOP_ANALYSIS = YES;
				CLANG_WARN_STRICT_PROTOTYPES = YES;
				CLANG_WARN_SUSPICIOUS_MOVE = YES;
				CLANG_WARN_UNGUARDED_AVAILABILITY = YES_AGGRESSIVE;
				CLANG_WARN_UNREACHABLE_CODE = YES;
				CLANG_WARN__DUPLICATE_METHOD_MATCH = YES;
				COPY_PHASE_STRIP = NO;
				DEBUG_INFORMATION_FORMAT = "dwarf-with-dsym";
				ENABLE_NS_ASSERTIONS = NO;
				ENABLE_STRICT_OBJC_MSGSEND = YES;
				GCC_C_LANGUAGE_STANDARD = gnu11;
				GCC_NO_COMMON_BLOCKS = YES;
				GCC_WARN_64_TO_32_BIT_CONVERSION = YES;
				GCC_WARN_ABOUT_RETURN_TYPE = YES_ERROR;
				GCC_WARN_UNDECLARED_SELECTOR = YES;
				GCC_WARN_UNINITIALIZED_AUTOS = YES_AGGRESSIVE;
				GCC_WARN_UNUSED_FUNCTION = YES;
				GCC_WARN_UNUSED_VARIABLE = YES;
				IPHONEOS_DEPLOYMENT_TARGET = 16.1;
				MTL_ENABLE_DEBUG_INFO = NO;
				MTL_FAST_MATH = YES;
				SDKROOT = iphoneos;
				SWIFT_COMPILATION_MODE = wholemodule;
				SWIFT_OPTIMIZATION_LEVEL = "-O";
				VALIDATE_PRODUCT = YES;
			};
			name = Release;
		};
		0138034E2944F87C00487F5A /* Debug */ = {
			isa = XCBuildConfiguration;
			buildSettings = {
				ASSETCATALOG_COMPILER_APPICON_NAME = AppIcon;
				ASSETCATALOG_COMPILER_GLOBAL_ACCENT_COLOR_NAME = AccentColor;
				CODE_SIGN_STYLE = Automatic;
				CURRENT_PROJECT_VERSION = 1;
				DEVELOPMENT_ASSET_PATHS = "\"TapFix/Preview Content\"";
				DEVELOPMENT_TEAM = CZG3SGLH4K;
				ENABLE_PREVIEWS = YES;
				GENERATE_INFOPLIST_FILE = YES;
				INFOPLIST_FILE = TapFix/Info.plist;
				INFOPLIST_KEY_LSSupportsOpeningDocumentsInPlace = YES;
				INFOPLIST_KEY_UIApplicationSceneManifest_Generation = YES;
				INFOPLIST_KEY_UIApplicationSupportsIndirectInputEvents = YES;
				INFOPLIST_KEY_UILaunchScreen_Generation = YES;
				INFOPLIST_KEY_UISupportedInterfaceOrientations_iPad = "UIInterfaceOrientationPortrait UIInterfaceOrientationPortraitUpsideDown UIInterfaceOrientationLandscapeLeft UIInterfaceOrientationLandscapeRight";
				INFOPLIST_KEY_UISupportedInterfaceOrientations_iPhone = "UIInterfaceOrientationPortrait UIInterfaceOrientationLandscapeLeft UIInterfaceOrientationLandscapeRight";
				LD_RUNPATH_SEARCH_PATHS = (
					"$(inherited)",
					"@executable_path/Frameworks",
				);
				MARKETING_VERSION = 1.0;
				PRODUCT_BUNDLE_IDENTIFIER = co.dehnen.TapFix;
				PRODUCT_NAME = "$(TARGET_NAME)";
				SWIFT_EMIT_LOC_STRINGS = YES;
				SWIFT_VERSION = 5.0;
				TARGETED_DEVICE_FAMILY = "1,2";
			};
			name = Debug;
		};
		0138034F2944F87C00487F5A /* Release */ = {
			isa = XCBuildConfiguration;
			buildSettings = {
				ASSETCATALOG_COMPILER_APPICON_NAME = AppIcon;
				ASSETCATALOG_COMPILER_GLOBAL_ACCENT_COLOR_NAME = AccentColor;
				CODE_SIGN_STYLE = Automatic;
				CURRENT_PROJECT_VERSION = 1;
				DEVELOPMENT_ASSET_PATHS = "\"TapFix/Preview Content\"";
				DEVELOPMENT_TEAM = CZG3SGLH4K;
				ENABLE_PREVIEWS = YES;
				GENERATE_INFOPLIST_FILE = YES;
				INFOPLIST_FILE = TapFix/Info.plist;
				INFOPLIST_KEY_LSSupportsOpeningDocumentsInPlace = YES;
				INFOPLIST_KEY_UIApplicationSceneManifest_Generation = YES;
				INFOPLIST_KEY_UIApplicationSupportsIndirectInputEvents = YES;
				INFOPLIST_KEY_UILaunchScreen_Generation = YES;
				INFOPLIST_KEY_UISupportedInterfaceOrientations_iPad = "UIInterfaceOrientationPortrait UIInterfaceOrientationPortraitUpsideDown UIInterfaceOrientationLandscapeLeft UIInterfaceOrientationLandscapeRight";
				INFOPLIST_KEY_UISupportedInterfaceOrientations_iPhone = "UIInterfaceOrientationPortrait UIInterfaceOrientationLandscapeLeft UIInterfaceOrientationLandscapeRight";
				LD_RUNPATH_SEARCH_PATHS = (
					"$(inherited)",
					"@executable_path/Frameworks",
				);
				MARKETING_VERSION = 1.0;
				PRODUCT_BUNDLE_IDENTIFIER = co.dehnen.TapFix;
				PRODUCT_NAME = "$(TARGET_NAME)";
				SWIFT_EMIT_LOC_STRINGS = YES;
				SWIFT_VERSION = 5.0;
				TARGETED_DEVICE_FAMILY = "1,2";
			};
			name = Release;
		};
/* End XCBuildConfiguration section */

/* Begin XCConfigurationList section */
		0138033A2944F87C00487F5A /* Build configuration list for PBXProject "TapFix" */ = {
			isa = XCConfigurationList;
			buildConfigurations = (
				0138034B2944F87C00487F5A /* Debug */,
				0138034C2944F87C00487F5A /* Release */,
			);
			defaultConfigurationIsVisible = 0;
			defaultConfigurationName = Release;
		};
		0138034D2944F87C00487F5A /* Build configuration list for PBXNativeTarget "TapFix" */ = {
			isa = XCConfigurationList;
			buildConfigurations = (
				0138034E2944F87C00487F5A /* Debug */,
				0138034F2944F87C00487F5A /* Release */,
			);
			defaultConfigurationIsVisible = 0;
			defaultConfigurationName = Release;
		};
/* End XCConfigurationList section */

/* Begin XCRemoteSwiftPackageReference section */
		01E3AA7E29467DBC00EEDBBB /* XCRemoteSwiftPackageReference "uikit-textfield" */ = {
			isa = XCRemoteSwiftPackageReference;
			repositoryURL = "https://github.com/vinceplusplus/uikit-textfield.git";
			requirement = {
				kind = upToNextMajorVersion;
				minimumVersion = 2.0.1;
			};
		};
/* End XCRemoteSwiftPackageReference section */

/* Begin XCSwiftPackageProductDependency section */
		01E3AA7F29467DBC00EEDBBB /* UIKitTextField */ = {
			isa = XCSwiftPackageProductDependency;
			package = 01E3AA7E29467DBC00EEDBBB /* XCRemoteSwiftPackageReference "uikit-textfield" */;
			productName = UIKitTextField;
		};
/* End XCSwiftPackageProductDependency section */
	};
	rootObject = 013803372944F87C00487F5A /* Project object */;
}
