{
  "originHash" : "fc5c7c6c42d6054f45b1822bb11ca5fa766ce226748d110e4fb25933e4d746e6",
  "pins" : [
    {
      "identity" : "alamofire",
      "kind" : "remoteSourceControl",
      "location" : "https://github.com/Alamofire/Alamofire.git",
      "state" : {
        "revision" : "78424be314842833c04bc3bef5b72e85fff99204",
        "version" : "5.6.4"
      }
    },
    {
      "identity" : "codablecsv",
      "kind" : "remoteSourceControl",
      "location" : "https://github.com/dehesa/CodableCSV.git",
      "state" : {
        "revision" : "99ace2cfdfbc19108b529c021005fb57a460e715",
        "version" : "0.6.7"
      }
    },
    {
      "identity" : "uikit-textfield",
      "kind" : "remoteSourceControl",
      "location" : "https://github.com/vinceplusplus/uikit-textfield.git",
      "state" : {
        "revision" : "5e940a0e08f3e44922266d4bf4f0c0a31ebf7eaf",
        "version" : "2.0.1"
      }
    },
    {
      "identity" : "willow",
      "kind" : "remoteSourceControl",
      "location" : "https://github.com/Nike-Inc/Willow",
      "state" : {
        "revision" : "25fa213596658d0e47ac1a4e598daaf9ca7e479a",
        "version" : "6.1.0"
      }
    }
  ],
  "version" : 3
}
